
Microsoft Visual Studio Solution File, Format Version 12.00
# Visual Studio Version 17
VisualStudioVersion = 17.2.32602.215
MinimumVisualStudioVersion = 10.0.40219.1
Project("{FAE04EC0-301F-11D3-BF4B-00C04F79EFBC}") = "FactoryPatternExercise1", "FactoryPatternExercise1\FactoryPatternExercise1.csproj", "{EB62A5B8-65AD-4EC5-9064-1AD737957D01}"
EndProject
Global
	GlobalSection(SolutionConfigurationPlatforms) = preSolution
		Debug|Any CPU = Debug|Any CPU
		Release|Any CPU = Release|Any CPU
	EndGlobalSection
	GlobalSection(ProjectConfigurationPlatforms) = postSolution
		{EB62A5B8-65AD-4EC5-9064-1AD737957D01}.Debug|Any CPU.ActiveCfg = Debug|Any CPU
		{EB62A5B8-65AD-4EC5-9064-1AD737957D01}.Debug|Any CPU.Build.0 = Debug|Any CPU
		{EB62A5B8-65AD-4EC5-9064-1AD737957D01}.Release|Any CPU.ActiveCfg = Release|Any CPU
		{EB62A5B8-65AD-4EC5-9064-1AD737957D01}.Release|Any CPU.Build.0 = Release|Any CPU
	EndGlobalSection
	GlobalSection(SolutionProperties) = preSolution
		HideSolutionNode = FALSE
	EndGlobalSection
	GlobalSection(ExtensibilityGlobals) = postSolution
		SolutionGuid = {395CCBF3-9E1A-48EF-B3B3-DEFCDF1B6B73}
	EndGlobalSection
EndGlobal
